
Microsoft Visual Studio Solution File, Format Version 12.00
# Visual Studio Version 16
VisualStudioVersion = 16.0.29926.136
MinimumVisualStudioVersion = 10.0.40219.1
Project("{FAE04EC0-301F-11D3-BF4B-00C04F79EFBC}") = "aTonOfMutators", "aTonOfMutators\aTonOfMutators.csproj", "{C475E4DF-1266-46FC-9632-FAAA88A6491C}"
EndProject
Global
	GlobalSection(SolutionConfigurationPlatforms) = preSolution
		Debug|Any CPU = Debug|Any CPU
		Release|Any CPU = Release|Any CPU
	EndGlobalSection
	GlobalSection(ProjectConfigurationPlatforms) = postSolution
		{C475E4DF-1266-46FC-9632-FAAA88A6491C}.Debug|Any CPU.ActiveCfg = Debug|Any CPU
		{C475E4DF-1266-46FC-9632-FAAA88A6491C}.Debug|Any CPU.Build.0 = Debug|Any CPU
		{C475E4DF-1266-46FC-9632-FAAA88A6491C}.Release|Any CPU.ActiveCfg = Release|Any CPU
		{C475E4DF-1266-46FC-9632-FAAA88A6491C}.Release|Any CPU.Build.0 = Release|Any CPU
	EndGlobalSection
	GlobalSection(SolutionProperties) = preSolution
		HideSolutionNode = FALSE
	EndGlobalSection
	GlobalSection(ExtensibilityGlobals) = postSolution
		SolutionGuid = {B516BC63-0CCB-4777-B274-183ABDEE2E8E}
	EndGlobalSection
EndGlobal
